
Microsoft Visual Studio Solution File, Format Version 12.00
# Visual Studio Version 17
VisualStudioVersion = 17.0.31903.59
MinimumVisualStudioVersion = 10.0.40219.1
Project("{2150E333-8FDC-42A3-9474-1A3956D46DE8}") = "src", "src", "{827E0CD3-B72D-47B6-A68D-7590B98EB39B}"
EndProject
Project("{FAE04EC0-301F-11D3-BF4B-00C04F79EFBC}") = "CMS.Core", "src\CMS.Core\CMS.Core.csproj", "{B07EB0AD-EBFA-4C78-95CF-173B0EEC444B}"
EndProject
Project("{FAE04EC0-301F-11D3-BF4B-00C04F79EFBC}") = "CMS.App", "src\CMS.App\CMS.App.csproj", "{CA2A8262-49F2-431C-B005-963C35FC6EB8}"
EndProject
Global
	GlobalSection(SolutionConfigurationPlatforms) = preSolution
		Debug|Any CPU = Debug|Any CPU
		Debug|x64 = Debug|x64
		Debug|x86 = Debug|x86
		Release|Any CPU = Release|Any CPU
		Release|x64 = Release|x64
		Release|x86 = Release|x86
	EndGlobalSection
	GlobalSection(ProjectConfigurationPlatforms) = postSolution
		{B07EB0AD-EBFA-4C78-95CF-173B0EEC444B}.Debug|Any CPU.ActiveCfg = Debug|Any CPU
		{B07EB0AD-EBFA-4C78-95CF-173B0EEC444B}.Debug|Any CPU.Build.0 = Debug|Any CPU
		{B07EB0AD-EBFA-4C78-95CF-173B0EEC444B}.Debug|x64.ActiveCfg = Debug|x64
		{B07EB0AD-EBFA-4C78-95CF-173B0EEC444B}.Debug|x64.Build.0 = Debug|x64
		{B07EB0AD-EBFA-4C78-95CF-173B0EEC444B}.Debug|x86.ActiveCfg = Debug|Any CPU
		{B07EB0AD-EBFA-4C78-95CF-173B0EEC444B}.Debug|x86.Build.0 = Debug|Any CPU
		{B07EB0AD-EBFA-4C78-95CF-173B0EEC444B}.Release|Any CPU.ActiveCfg = Release|Any CPU
		{B07EB0AD-EBFA-4C78-95CF-173B0EEC444B}.Release|Any CPU.Build.0 = Release|Any CPU
		{B07EB0AD-EBFA-4C78-95CF-173B0EEC444B}.Release|x64.ActiveCfg = Release|x64
		{B07EB0AD-EBFA-4C78-95CF-173B0EEC444B}.Release|x64.Build.0 = Release|x64
		{B07EB0AD-EBFA-4C78-95CF-173B0EEC444B}.Release|x86.ActiveCfg = Release|Any CPU
		{B07EB0AD-EBFA-4C78-95CF-173B0EEC444B}.Release|x86.Build.0 = Release|Any CPU
		{CA2A8262-49F2-431C-B005-963C35FC6EB8}.Debug|Any CPU.ActiveCfg = Debug|Any CPU
		{CA2A8262-49F2-431C-B005-963C35FC6EB8}.Debug|Any CPU.Build.0 = Debug|Any CPU
		{CA2A8262-49F2-431C-B005-963C35FC6EB8}.Debug|x64.ActiveCfg = Debug|x64
		{CA2A8262-49F2-431C-B005-963C35FC6EB8}.Debug|x64.Build.0 = Debug|x64
		{CA2A8262-49F2-431C-B005-963C35FC6EB8}.Debug|x86.ActiveCfg = Debug|Any CPU
		{CA2A8262-49F2-431C-B005-963C35FC6EB8}.Debug|x86.Build.0 = Debug|Any CPU
		{CA2A8262-49F2-431C-B005-963C35FC6EB8}.Release|Any CPU.ActiveCfg = Release|Any CPU
		{CA2A8262-49F2-431C-B005-963C35FC6EB8}.Release|Any CPU.Build.0 = Release|Any CPU
		{CA2A8262-49F2-431C-B005-963C35FC6EB8}.Release|x64.ActiveCfg = Release|x64
		{CA2A8262-49F2-431C-B005-963C35FC6EB8}.Release|x64.Build.0 = Release|x64
		{CA2A8262-49F2-431C-B005-963C35FC6EB8}.Release|x86.ActiveCfg = Release|Any CPU
		{CA2A8262-49F2-431C-B005-963C35FC6EB8}.Release|x86.Build.0 = Release|Any CPU
	EndGlobalSection
	GlobalSection(SolutionProperties) = preSolution
		HideSolutionNode = FALSE
	EndGlobalSection
	GlobalSection(NestedProjects) = preSolution
		{B07EB0AD-EBFA-4C78-95CF-173B0EEC444B} = {827E0CD3-B72D-47B6-A68D-7590B98EB39B}
		{CA2A8262-49F2-431C-B005-963C35FC6EB8} = {827E0CD3-B72D-47B6-A68D-7590B98EB39B}
	EndGlobalSection
EndGlobal
